<?xml version="1.0" encoding="utf-8"?>
<Project ToolsVersion="4.0" xmlns="http://schemas.microsoft.com/developer/msbuild/2003">
  <ItemGroup>
    <Filter Include="Source Files">
      <UniqueIdentifier>{4FC737F1-C7A5-4376-A066-2A32D752A2FF}</UniqueIdentifier>
      <Extensions>cpp;c;cc;cxx;c++;cppm;ixx;def;odl;idl;hpj;bat;asm;asmx</Extensions>
    </Filter>
    <Filter Include="Header Files">
      <UniqueIdentifier>{93995380-89BD-4b04-88EB-625FBE52EBFB}</UniqueIdentifier>
      <Extensions>h;hh;hpp;hxx;h++;hm;inl;inc;ipp;xsd</Extensions>
    </Filter>
    <Filter Include="Resource Files">
      <UniqueIdentifier>{67DA6AB6-F800-4c08-8B7A-83BB121AAD01}</UniqueIdentifier>
      <Extensions>rc;ico;cur;bmp;dlg;rc2;rct;bin;rgs;gif;jpg;jpeg;jpe;resx;tiff;tif;png;wav;mfcribbon-ms</Extensions>
    </Filter>
  </ItemGroup>
  <ItemGroup>
    <ClCompile Include="..\whisper.cpp\ggml\src\ggml.c">
      <Filter>Source Files</Filter>
    </ClCompile>
    <ClCompile Include="src\audio_capture.cpp">
      <Filter>Source Files</Filter>
    </ClCompile>
    <ClCompile Include="src\audio_queue.cpp">
      <Filter>Source Files</Filter>
    </ClCompile>
    <ClCompile Include="src\config_manager.cpp">
      <Filter>Source Files</Filter>
    </ClCompile>
    <ClCompile Include="src\moc_whisper_gui.cpp">
      <Filter>Source Files</Filter>
    </ClCompile>
    <ClCompile Include="src\recognizer.cpp">
      <Filter>Source Files</Filter>
    </ClCompile>
    <ClCompile Include="src\result_queue.cpp">
      <Filter>Source Files</Filter>
    </ClCompile>
    <ClCompile Include="src\stream_recognizer.cpp">
      <Filter>Source Files</Filter>
    </ClCompile>
    <ClCompile Include="src\translator.cpp">
      <Filter>Source Files</Filter>
    </ClCompile>
    <ClCompile Include="src\whisper_gui.cpp">
      <Filter>Source Files</Filter>
    </ClCompile>
    <ClCompile Include="src\audio_processor.cpp">
      <Filter>Source Files</Filter>
    </ClCompile>
    <ClCompile Include="src\moc_audio_processor.cpp">
      <Filter>Source Files</Filter>
    </ClCompile>
    <ClCompile Include="src\loading_dialog.cpp">
      <Filter>Source Files</Filter>
    </ClCompile>
    <ClCompile Include="src\moc_loading_dialog.cpp">
      <Filter>Source Files</Filter>
    </ClCompile>
    <ClCompile Include="src\log_utils.cpp">
      <Filter>Source Files</Filter>
    </ClCompile>
    <ClCompile Include="src\moc_log_utils.cpp">
      <Filter>Source Files</Filter>
    </ClCompile>
    <ClCompile Include="src\audio_handlers.cpp">
      <Filter>Source Files</Filter>
    </ClCompile>
    <ClCompile Include="src\realtime_segment_handler.cpp">
      <Filter>Source Files</Filter>
    </ClCompile>
    <ClCompile Include="src\subtitle_manager.cpp">
      <Filter>Source Files</Filter>
    </ClCompile>
    <ClCompile Include="src\moc_subtitle_manager.cpp">
      <Filter>Source Files</Filter>
    </ClCompile>
    <ClCompile Include="src\parallel_openai_processor.cpp">
      <Filter>Source Files</Filter>
    </ClCompile>
    <ClCompile Include="src\result_merger.cpp">
      <Filter>Source Files</Filter>
    </ClCompile>
    <ClCompile Include="src\moc_parallel_openai_processor.cpp">
      <Filter>Source Files</Filter>
    </ClCompile>
    <ClCompile Include="src\moc_result_merger.cpp">
      <Filter>Source Files</Filter>
    </ClCompile>
    <ClCompile Include="src\voice_activity_detector.cpp">
      <Filter>Source Files</Filter>
    </ClCompile>
    <ClCompile Include="src\moc_voice_activity_detector.cpp">
      <Filter>Source Files</Filter>
    </ClCompile>
    <ClCompile Include="src\moc_audio_capture.cpp">
      <Filter>Source Files</Filter>
    </ClCompile>
    <ClCompile Include="src\moc_realtime_segment_handler.cpp">
      <Filter>Source Files</Filter>
    </ClCompile>
    <ClCompile Include="src\audio_preprocessor.cpp">
      <Filter>Source Files</Filter>
    </ClCompile>
    <ClCompile Include="src\output_corrector.cpp">
      <Filter>Source Files</Filter>
    </ClCompile>
    <ClCompile Include="src\moc_output_corrector.cpp">
      <Filter>Source Files</Filter>
    </ClCompile>
  </ItemGroup>
  <ItemGroup>
    <ClInclude Include="include\ggml.h">
      <Filter>Header Files</Filter>
    </ClInclude>
    <ClInclude Include="include\whisper.h">
      <Filter>Header Files</Filter>
    </ClInclude>
    <ClInclude Include="include\audio_processor.h">
      <Filter>Header Files</Filter>
    </ClInclude>
    <ClInclude Include="include\config_manager.h">
      <Filter>Header Files</Filter>
    </ClInclude>
    <ClInclude Include="include\whisper_gui.h">
      <Filter>Header Files</Filter>
    </ClInclude>
    <ClInclude Include="include\audio_handlers.h">
      <Filter>Header Files</Filter>
    </ClInclude>
    <ClInclude Include="include\audio_queue.h">
      <Filter>Header Files</Filter>
    </ClInclude>
    <ClInclude Include="include\audio_types.h">
      <Filter>Header Files</Filter>
    </ClInclude>
    <ClInclude Include="include\loading_dialog.h">
      <Filter>Header Files</Filter>
    </ClInclude>
    <ClInclude Include="include\log_utils.h">
      <Filter>Header Files</Filter>
    </ClInclude>
    <ClInclude Include="include\realtime_segment_handler.h">
      <Filter>Header Files</Filter>
    </ClInclude>
    <ClInclude Include="include\audio_utils.h">
      <Filter>Header Files</Filter>
    </ClInclude>
    <ClInclude Include="include\subtitle_manager.h">
      <Filter>Header Files</Filter>
    </ClInclude>
    <ClInclude Include="include\parallel_openai_processor.h">
      <Filter>Header Files</Filter>
    </ClInclude>
    <ClInclude Include="include\result_merger.h">
      <Filter>Header Files</Filter>
    </ClInclude>
    <ClInclude Include="include\audio_capture.h">
      <Filter>Header Files</Filter>
    </ClInclude>
    <ClInclude Include="include\voice_activity_detector.h">
      <Filter>Header Files</Filter>
    </ClInclude>
    <ClInclude Include="libfvad-1.0\include\fvad.h">
      <Filter>Header Files</Filter>
    </ClInclude>
    <ClInclude Include="include\audio_preprocessor.h">
      <Filter>Header Files</Filter>
    </ClInclude>
    <ClInclude Include="include\output_corrector.h">
      <Filter>Header Files</Filter>
    </ClInclude>
  </ItemGroup>
</Project>